
Microsoft Visual Studio Solution File, Format Version 12.00
# Visual Studio Version 16
VisualStudioVersion = 16.0.29920.165
MinimumVisualStudioVersion = 10.0.40219.1
Project("{9A19103F-16F7-4668-BE54-9A1E7A4F7556}") = "WebApi", "WebApi\WebApi.csproj", "{F65D7EBD-B1E6-4049-9673-3369B8151052}"
EndProject
Project("{9A19103F-16F7-4668-BE54-9A1E7A4F7556}") = "Domain", "Domain\Domain.csproj", "{DCF2F3B3-48CA-40E6-837E-074321C9AB02}"
EndProject
Project("{9A19103F-16F7-4668-BE54-9A1E7A4F7556}") = "Infrastructure", "Infrastructure\Infrastructure.csproj", "{438BC643-B00E-43D7-962C-9BD807F61023}"
EndProject
Project("{2150E333-8FDC-42A3-9474-1A3956D46DE8}") = "Test", "Test", "{4676093A-D827-4FE6-8951-3327389EC74A}"
EndProject
Project("{FAE04EC0-301F-11D3-BF4B-00C04F79EFBC}") = "UnitTests", "UnitTests\UnitTests.csproj", "{E884C104-69A8-473D-AF08-0B989C7C1038}"
EndProject
Global
	GlobalSection(SolutionConfigurationPlatforms) = preSolution
		Debug|Any CPU = Debug|Any CPU
		Release|Any CPU = Release|Any CPU
	EndGlobalSection
	GlobalSection(ProjectConfigurationPlatforms) = postSolution
		{F65D7EBD-B1E6-4049-9673-3369B8151052}.Debug|Any CPU.ActiveCfg = Debug|Any CPU
		{F65D7EBD-B1E6-4049-9673-3369B8151052}.Debug|Any CPU.Build.0 = Debug|Any CPU
		{F65D7EBD-B1E6-4049-9673-3369B8151052}.Release|Any CPU.ActiveCfg = Release|Any CPU
		{F65D7EBD-B1E6-4049-9673-3369B8151052}.Release|Any CPU.Build.0 = Release|Any CPU
		{DCF2F3B3-48CA-40E6-837E-074321C9AB02}.Debug|Any CPU.ActiveCfg = Debug|Any CPU
		{DCF2F3B3-48CA-40E6-837E-074321C9AB02}.Debug|Any CPU.Build.0 = Debug|Any CPU
		{DCF2F3B3-48CA-40E6-837E-074321C9AB02}.Release|Any CPU.ActiveCfg = Release|Any CPU
		{DCF2F3B3-48CA-40E6-837E-074321C9AB02}.Release|Any CPU.Build.0 = Release|Any CPU
		{438BC643-B00E-43D7-962C-9BD807F61023}.Debug|Any CPU.ActiveCfg = Debug|Any CPU
		{438BC643-B00E-43D7-962C-9BD807F61023}.Debug|Any CPU.Build.0 = Debug|Any CPU
		{438BC643-B00E-43D7-962C-9BD807F61023}.Release|Any CPU.ActiveCfg = Release|Any CPU
		{438BC643-B00E-43D7-962C-9BD807F61023}.Release|Any CPU.Build.0 = Release|Any CPU
		{E884C104-69A8-473D-AF08-0B989C7C1038}.Debug|Any CPU.ActiveCfg = Debug|Any CPU
		{E884C104-69A8-473D-AF08-0B989C7C1038}.Debug|Any CPU.Build.0 = Debug|Any CPU
		{E884C104-69A8-473D-AF08-0B989C7C1038}.Release|Any CPU.ActiveCfg = Release|Any CPU
		{E884C104-69A8-473D-AF08-0B989C7C1038}.Release|Any CPU.Build.0 = Release|Any CPU
	EndGlobalSection
	GlobalSection(SolutionProperties) = preSolution
		HideSolutionNode = FALSE
	EndGlobalSection
	GlobalSection(NestedProjects) = preSolution
		{E884C104-69A8-473D-AF08-0B989C7C1038} = {4676093A-D827-4FE6-8951-3327389EC74A}
	EndGlobalSection
	GlobalSection(ExtensibilityGlobals) = postSolution
		SolutionGuid = {76590454-1617-4945-AAF2-101113C29115}
	EndGlobalSection
EndGlobal
